
Microsoft Visual Studio Solution File, Format Version 12.00
# Visual Studio Version 17
VisualStudioVersion = 17.7.34202.233
MinimumVisualStudioVersion = 10.0.40219.1
Project("{FAE04EC0-301F-11D3-BF4B-00C04F79EFBC}") = "questao3", "questao3.csproj", "{4975FE77-55C3-46A9-B77B-32861CC45482}"
EndProject
Global
	GlobalSection(SolutionConfigurationPlatforms) = preSolution
		Debug|Any CPU = Debug|Any CPU
		Release|Any CPU = Release|Any CPU
	EndGlobalSection
	GlobalSection(ProjectConfigurationPlatforms) = postSolution
		{4975FE77-55C3-46A9-B77B-32861CC45482}.Debug|Any CPU.ActiveCfg = Debug|Any CPU
		{4975FE77-55C3-46A9-B77B-32861CC45482}.Debug|Any CPU.Build.0 = Debug|Any CPU
		{4975FE77-55C3-46A9-B77B-32861CC45482}.Release|Any CPU.ActiveCfg = Release|Any CPU
		{4975FE77-55C3-46A9-B77B-32861CC45482}.Release|Any CPU.Build.0 = Release|Any CPU
	EndGlobalSection
	GlobalSection(SolutionProperties) = preSolution
		HideSolutionNode = FALSE
	EndGlobalSection
	GlobalSection(ExtensibilityGlobals) = postSolution
		SolutionGuid = {C1D02220-117A-43FC-9EA8-AA5F5AEF7306}
	EndGlobalSection
EndGlobal
